{
    "_readme": [
        "This file locks the dependencies of your project to a known state",
        "Read more about it at https://getcomposer.org/doc/01-basic-usage.md#composer-lock-the-lock-file",
        "This file is @generated automatically"
    ],
    "hash": "8c05cc870075a2c100b0232a8bf550fa",
    "content-hash": "33994228dece319dcc386aa245a08e40",
    "packages": [
        {
            "name": "todopago/php-sdk",
            "version": "V1.3.2",
            "source": {
                "type": "git",
                "url": "https://github.com/TodoPago/SDK-PHP.git",
                "reference": "69240a45ddfa416a7ad94f74ed41f62cb5e5892c"
            },
            "dist": {
                "type": "zip",
                "url": "https://api.github.com/repos/TodoPago/SDK-PHP/zipball/69240a45ddfa416a7ad94f74ed41f62cb5e5892c",
                "reference": "69240a45ddfa416a7ad94f74ed41f62cb5e5892c",
                "shasum": ""
            },
            "require": {
                "php": ">=5.3"
            },
            "type": "library",
            "autoload": {
                "psr-4": {
                    "TodoPago\\": "TodoPago/lib"
                }
            },
            "notification-url": "https://packagist.org/downloads/",
            "description": "SDK para TodoPago",
            "time": "2016-03-03 17:11:55"
        }
    ],
    "packages-dev": [],
    "aliases": [],
    "minimum-stability": "stable",
    "stability-flags": [],
    "prefer-stable": false,
    "prefer-lowest": false,
    "platform": [],
    "platform-dev": []
}
