{
    "_readme": [
        "This file locks the dependencies of your project to a known state",
        "Read more about it at https://getcomposer.org/doc/01-basic-usage.md#composer-lock-the-lock-file",
        "This file is @generated automatically"
    ],
    "hash": "21d107a83e27b085cf2c7744143841da",
    "content-hash": "33994228dece319dcc386aa245a08e40",
    "packages": [
        {
            "name": "todopago/php-sdk",
            "version": "V1.4.0",
            "source": {
                "type": "git",
                "url": "https://github.com/TodoPago/SDK-PHP.git",
                "reference": "11b8b0504f7510f0e2b176fa009e2cbb75e41c11"
            },
            "dist": {
                "type": "zip",
                "url": "https://api.github.com/repos/TodoPago/SDK-PHP/zipball/11b8b0504f7510f0e2b176fa009e2cbb75e41c11",
                "reference": "11b8b0504f7510f0e2b176fa009e2cbb75e41c11",
                "shasum": ""
            },
            "require": {
                "php": ">=5.3"
            },
            "type": "library",
            "autoload": {
                "psr-4": {
                    "TodoPago\\": "TodoPago/lib"
                }
            },
            "notification-url": "https://packagist.org/downloads/",
            "description": "SDK para TodoPago",
            "time": "2016-04-20 14:43:44"
        }
    ],
    "packages-dev": [],
    "aliases": [],
    "minimum-stability": "stable",
    "stability-flags": [],
    "prefer-stable": false,
    "prefer-lowest": false,
    "platform": [],
    "platform-dev": []
}
